
Microsoft Visual Studio Solution File, Format Version 12.00
# Visual Studio Version 17
VisualStudioVersion = 17.9.34902.65
MinimumVisualStudioVersion = 10.0.40219.1
Project("{FAE04EC0-301F-11D3-BF4B-00C04F79EFBC}") = "ProffGame", "Proff\ProffGame.csproj", "{3855089E-044A-4620-9F7B-DB0468BA3C60}"
EndProject
Project("{FAE04EC0-301F-11D3-BF4B-00C04F79EFBC}") = "ProffTests", "ProffTests\ProffTests.csproj", "{6FA8E079-2688-4CD3-A9DA-6B5682EF8E93}"
EndProject
Global
	GlobalSection(SolutionConfigurationPlatforms) = preSolution
		Debug|Any CPU = Debug|Any CPU
		Release|Any CPU = Release|Any CPU
	EndGlobalSection
	GlobalSection(ProjectConfigurationPlatforms) = postSolution
		{3855089E-044A-4620-9F7B-DB0468BA3C60}.Debug|Any CPU.ActiveCfg = Debug|Any CPU
		{3855089E-044A-4620-9F7B-DB0468BA3C60}.Debug|Any CPU.Build.0 = Debug|Any CPU
		{3855089E-044A-4620-9F7B-DB0468BA3C60}.Release|Any CPU.ActiveCfg = Release|Any CPU
		{3855089E-044A-4620-9F7B-DB0468BA3C60}.Release|Any CPU.Build.0 = Release|Any CPU
		{6FA8E079-2688-4CD3-A9DA-6B5682EF8E93}.Debug|Any CPU.ActiveCfg = Debug|Any CPU
		{6FA8E079-2688-4CD3-A9DA-6B5682EF8E93}.Debug|Any CPU.Build.0 = Debug|Any CPU
		{6FA8E079-2688-4CD3-A9DA-6B5682EF8E93}.Release|Any CPU.ActiveCfg = Release|Any CPU
		{6FA8E079-2688-4CD3-A9DA-6B5682EF8E93}.Release|Any CPU.Build.0 = Release|Any CPU
	EndGlobalSection
	GlobalSection(SolutionProperties) = preSolution
		HideSolutionNode = FALSE
	EndGlobalSection
	GlobalSection(ExtensibilityGlobals) = postSolution
		SolutionGuid = {AE6AC4A8-3A30-4EAE-928D-69E8CEA8AABA}
	EndGlobalSection
EndGlobal
